<?xml version="1.0" encoding="utf-8"?>
<Project ToolsVersion="4.0" xmlns="http://schemas.microsoft.com/developer/msbuild/2003">
  <ItemGroup>
    <Filter Include="Source Files">
      <UniqueIdentifier>{4FC737F1-C7A5-4376-A066-2A32D752A2FF}</UniqueIdentifier>
      <Extensions>cpp;c;cc;cxx;c++;cppm;ixx;def;odl;idl;hpj;bat;asm;asmx</Extensions>
    </Filter>
    <Filter Include="Header Files">
      <UniqueIdentifier>{93995380-89BD-4b04-88EB-625FBE52EBFB}</UniqueIdentifier>
      <Extensions>h;hh;hpp;hxx;h++;hm;inl;inc;ipp;xsd</Extensions>
    </Filter>
  </ItemGroup>
  <ItemGroup>
    <ClCompile Include="dllmain.cc">
      <Filter>Source Files</Filter>
    </ClCompile>
    <ClCompile Include="core\config.cc">
      <Filter>Source Files</Filter>
    </ClCompile>
    <ClCompile Include="core\ime_guard.cc">
      <Filter>Source Files</Filter>
    </ClCompile>
    <ClCompile Include="core\keyboard_guard.cc">
      <Filter>Source Files</Filter>
    </ClCompile>
    <ClCompile Include="core\ime_text.cc">
      <Filter>Source Files</Filter>
    </ClCompile>
    <ClCompile Include="core\log.cc">
      <Filter>Source Files</Filter>
    </ClCompile>
    <ClCompile Include="core\reshade_overlay.cc">
      <Filter>Source Files</Filter>
    </ClCompile>
  </ItemGroup>
  <ItemGroup>
    <ClInclude Include="core\config.hh">
      <Filter>Header Files</Filter>
    </ClInclude>
    <ClInclude Include="core\ime_guard.hh">
      <Filter>Header Files</Filter>
    </ClInclude>
    <ClInclude Include="core\keyboard_guard.hh">
      <Filter>Header Files</Filter>
    </ClInclude>
    <ClInclude Include="core\ime_text.hh">
      <Filter>Header Files</Filter>
    </ClInclude>
    <ClInclude Include="core\log.hh">
      <Filter>Header Files</Filter>
    </ClInclude>
    <ClInclude Include="core\reshade_overlay.hh">
      <Filter>Header Files</Filter>
    </ClInclude>
  </ItemGroup>
</Project>
